
Microsoft Visual Studio Solution File, Format Version 12.00
# Visual Studio Version 17
VisualStudioVersion = 17.6.33815.320
MinimumVisualStudioVersion = 10.0.40219.1
Project("{FAE04EC0-301F-11D3-BF4B-00C04F79EFBC}") = "NNR.CopackageInspector.RT.Framework.Controller", "NNR.CopackageInspector.RT.Framework.Controller\NNR.CopackageInspector.RT.Framework.Controller.csproj", "{993CD521-FCB6-4202-BAED-0D47093D8600}"
EndProject
Project("{FAE04EC0-301F-11D3-BF4B-00C04F79EFBC}") = "NNR.CoPackageInspector.RT.Framework.Model", "NNR.CoPackageInspector.RT.Framework.Model\NNR.CoPackageInspector.RT.Framework.Model.csproj", "{326C229A-BB48-4796-A5C2-F44EEBB0EE1C}"
EndProject
Project("{FAE04EC0-301F-11D3-BF4B-00C04F79EFBC}") = "NNR.CoPackageInspector.RT.MainApp.Model", "NNR.CoPakageInspector.RT.MainApp.Model\NNR.CoPackageInspector.RT.MainApp.Model.csproj", "{0DB18B88-59CB-43AA-AC96-86C33EA2BFBB}"
EndProject
Project("{2150E333-8FDC-42A3-9474-1A3956D46DE8}") = "NNR.CoPackageInspector.RT.Framework", "NNR.CoPackageInspector.RT.Framework", "{451AC12C-1F8B-453C-90AF-D26E2B2B6D5A}"
EndProject
Project("{FAE04EC0-301F-11D3-BF4B-00C04F79EFBC}") = "NNR.CoPackageInspectorApp", "NNR.CoPackageInspectorApp\NNR.CoPackageInspectorApp.csproj", "{BA3DF245-DC54-42DF-AE6E-1987E57B34AD}"
EndProject
Project("{FAE04EC0-301F-11D3-BF4B-00C04F79EFBC}") = "NNR.CoPackageInspector.RT.MainApp.View", "NNR.CoPakageInspector.RT.MainApp.View\NNR.CoPackageInspector.RT.MainApp.View.csproj", "{736AE4AC-6885-4D1A-BDAC-2CCA8A72376B}"
EndProject
Project("{FAE04EC0-301F-11D3-BF4B-00C04F79EFBC}") = "NNR.CoPackageInspector.RT.MainApp.Interface", "NNR.CoPackageInspector.RT.MainApp.Interface\NNR.CoPackageInspector.RT.MainApp.Interface.csproj", "{18ED2796-92E0-487C-BB20-7B69E130707F}"
EndProject
Project("{2150E333-8FDC-42A3-9474-1A3956D46DE8}") = "SharedLibrary", "SharedLibrary", "{2AC8427D-ABD4-4855-98ED-9780DDC38FED}"
EndProject
Project("{FAE04EC0-301F-11D3-BF4B-00C04F79EFBC}") = "NNR.Liblary.Utility", "NNR.Liblary.Utility\NNR.Liblary.Utility.csproj", "{E9A1EA66-8C5E-489E-B8AC-A702080F688B}"
EndProject
Project("{FAE04EC0-301F-11D3-BF4B-00C04F79EFBC}") = "NNR.CoPackageInspector.MainApp.Runner", "NNR.CoPackageInspector.MainApp.Runner\NNR.CoPackageInspector.MainApp.Runner.csproj", "{CA476372-C4DC-4E99-B277-493C092CABDB}"
EndProject
Project("{FAE04EC0-301F-11D3-BF4B-00C04F79EFBC}") = "NNR.CoPackageInspector.RT.Framework.Interface", "NNR.CoPackageInspector.RT.Framework.Interface\NNR.CoPackageInspector.RT.Framework.Interface.csproj", "{D788EA2F-68AB-40C8-9B1D-78FD43B550D1}"
EndProject
Project("{FAE04EC0-301F-11D3-BF4B-00C04F79EFBC}") = "NNR.CoPackageInspector.RT.MainApp.Controller", "NNR.CoPakageInspector.RT.MainApp.Controller\NNR.CoPackageInspector.RT.MainApp.Controller.csproj", "{FC19C5E8-0CE8-4314-9FC3-A3C272867AE9}"
EndProject
Project("{2150E333-8FDC-42A3-9474-1A3956D46DE8}") = "MainApp", "MainApp", "{A404A33C-ED83-4B4A-AD46-769EB438BA75}"
EndProject
Project("{2150E333-8FDC-42A3-9474-1A3956D46DE8}") = "Exclusive", "Exclusive", "{2D393F64-0953-4881-8A46-983C625F1838}"
EndProject
Project("{FAE04EC0-301F-11D3-BF4B-00C04F79EFBC}") = "NNR.CoPackageInspector.RT.Exclusive.Model", "Excrucive\NNR.CoPackageInspector.RT.Exclusive.Model\NNR.CoPackageInspector.RT.Exclusive.Model.csproj", "{F55841E8-A0CA-4452-8C5B-C08D355A5A98}"
EndProject
Project("{FAE04EC0-301F-11D3-BF4B-00C04F79EFBC}") = "NNR.CoPackageInspector.RT.Exclusive.Interface", "Excrucive\NNR.CoPackageInspector.RT.Exclusive.Interface\NNR.CoPackageInspector.RT.Exclusive.Interface.csproj", "{6D24DEB6-7890-41C0-8E1D-31F91DDAAE61}"
EndProject
Project("{2150E333-8FDC-42A3-9474-1A3956D46DE8}") = "EquipmentSetup", "EquipmentSetup", "{7FE03412-2AA7-495C-BDE5-6EC474F6FA60}"
EndProject
Project("{FAE04EC0-301F-11D3-BF4B-00C04F79EFBC}") = "NNR.CoPckageInspector.RT.EquipmentSetup.Controller", "EquipmentSetup\NNR.CoPckageInspector.RT.EquipmentSetup.Controller\NNR.CoPckageInspector.RT.EquipmentSetup.Controller.csproj", "{D8CE7734-5475-4262-8D1D-B510F38CD415}"
EndProject
Project("{FAE04EC0-301F-11D3-BF4B-00C04F79EFBC}") = "NNR.CoPckageInspector.RT.EquipmentSetup.View", "EquipmentSetup\NNR.CoPckageInspector.RT.EquipmentSetup.View\NNR.CoPckageInspector.RT.EquipmentSetup.View.csproj", "{DEBEE21F-A555-455A-92EA-FB9D2E3632E6}"
EndProject
Project("{2150E333-8FDC-42A3-9474-1A3956D46DE8}") = "CustomControl", "CustomControl", "{90B3875E-7E56-45D1-9365-836958711BFF}"
EndProject
Project("{FAE04EC0-301F-11D3-BF4B-00C04F79EFBC}") = "NNR.CoPackageInspector.CustomControl.View", "CustomControl\NNR.CoPackageInspector.CustomControl.View\NNR.CoPackageInspector.CustomControl.View.csproj", "{A7CBD8E4-FCEF-4EF7-94D4-436A3986AAF2}"
EndProject
Project("{FAE04EC0-301F-11D3-BF4B-00C04F79EFBC}") = "NNR.CoPackageInspector.CustomControl.Model", "CustomControl\NNR.CoPackageInspector.CustomControl.Model\NNR.CoPackageInspector.CustomControl.Model.csproj", "{A17F63B0-36BB-42C1-8B17-9CEAAE2BB441}"
EndProject
Project("{FAE04EC0-301F-11D3-BF4B-00C04F79EFBC}") = "NNR.CoPackageInspector.CustomControl.Interface", "CustomControl\NNR.CoPackageInspector.CustomControl.Interface\NNR.CoPackageInspector.CustomControl.Interface.csproj", "{2A344481-00CF-43D1-A855-21FA75613CDA}"
EndProject
Project("{2150E333-8FDC-42A3-9474-1A3956D46DE8}") = "OverView", "OverView", "{D518B4EA-92D0-4A11-A895-3204BACB4FA7}"
EndProject
Project("{FAE04EC0-301F-11D3-BF4B-00C04F79EFBC}") = "NNR.CoPackageInspector.RT.OverView.View", "OverView\NNR.CoPackageInspector.RT.OverView.View\NNR.CoPackageInspector.RT.OverView.View.csproj", "{505D236B-A155-4BF8-B23D-E3D7CDB8530A}"
EndProject
Project("{FAE04EC0-301F-11D3-BF4B-00C04F79EFBC}") = "NNR.CoPackageInspector.RT.OverView.Interface", "OverView\NNR.CoPackageInspector.RT.OverView.Interface\NNR.CoPackageInspector.RT.OverView.Interface.csproj", "{7EAD0379-C899-4690-A338-2B34D6D60F77}"
EndProject
Global
	GlobalSection(SolutionConfigurationPlatforms) = preSolution
		Debug|Any CPU = Debug|Any CPU
		Release|Any CPU = Release|Any CPU
	EndGlobalSection
	GlobalSection(ProjectConfigurationPlatforms) = postSolution
		{993CD521-FCB6-4202-BAED-0D47093D8600}.Debug|Any CPU.ActiveCfg = Debug|Any CPU
		{993CD521-FCB6-4202-BAED-0D47093D8600}.Debug|Any CPU.Build.0 = Debug|Any CPU
		{993CD521-FCB6-4202-BAED-0D47093D8600}.Release|Any CPU.ActiveCfg = Release|Any CPU
		{993CD521-FCB6-4202-BAED-0D47093D8600}.Release|Any CPU.Build.0 = Release|Any CPU
		{326C229A-BB48-4796-A5C2-F44EEBB0EE1C}.Debug|Any CPU.ActiveCfg = Debug|Any CPU
		{326C229A-BB48-4796-A5C2-F44EEBB0EE1C}.Debug|Any CPU.Build.0 = Debug|Any CPU
		{326C229A-BB48-4796-A5C2-F44EEBB0EE1C}.Release|Any CPU.ActiveCfg = Release|Any CPU
		{326C229A-BB48-4796-A5C2-F44EEBB0EE1C}.Release|Any CPU.Build.0 = Release|Any CPU
		{0DB18B88-59CB-43AA-AC96-86C33EA2BFBB}.Debug|Any CPU.ActiveCfg = Debug|Any CPU
		{0DB18B88-59CB-43AA-AC96-86C33EA2BFBB}.Debug|Any CPU.Build.0 = Debug|Any CPU
		{0DB18B88-59CB-43AA-AC96-86C33EA2BFBB}.Release|Any CPU.ActiveCfg = Release|Any CPU
		{0DB18B88-59CB-43AA-AC96-86C33EA2BFBB}.Release|Any CPU.Build.0 = Release|Any CPU
		{BA3DF245-DC54-42DF-AE6E-1987E57B34AD}.Debug|Any CPU.ActiveCfg = Debug|Any CPU
		{BA3DF245-DC54-42DF-AE6E-1987E57B34AD}.Debug|Any CPU.Build.0 = Debug|Any CPU
		{BA3DF245-DC54-42DF-AE6E-1987E57B34AD}.Release|Any CPU.ActiveCfg = Release|Any CPU
		{BA3DF245-DC54-42DF-AE6E-1987E57B34AD}.Release|Any CPU.Build.0 = Release|Any CPU
		{736AE4AC-6885-4D1A-BDAC-2CCA8A72376B}.Debug|Any CPU.ActiveCfg = Debug|Any CPU
		{736AE4AC-6885-4D1A-BDAC-2CCA8A72376B}.Debug|Any CPU.Build.0 = Debug|Any CPU
		{736AE4AC-6885-4D1A-BDAC-2CCA8A72376B}.Release|Any CPU.ActiveCfg = Release|Any CPU
		{736AE4AC-6885-4D1A-BDAC-2CCA8A72376B}.Release|Any CPU.Build.0 = Release|Any CPU
		{18ED2796-92E0-487C-BB20-7B69E130707F}.Debug|Any CPU.ActiveCfg = Debug|Any CPU
		{18ED2796-92E0-487C-BB20-7B69E130707F}.Debug|Any CPU.Build.0 = Debug|Any CPU
		{18ED2796-92E0-487C-BB20-7B69E130707F}.Release|Any CPU.ActiveCfg = Release|Any CPU
		{18ED2796-92E0-487C-BB20-7B69E130707F}.Release|Any CPU.Build.0 = Release|Any CPU
		{E9A1EA66-8C5E-489E-B8AC-A702080F688B}.Debug|Any CPU.ActiveCfg = Debug|Any CPU
		{E9A1EA66-8C5E-489E-B8AC-A702080F688B}.Debug|Any CPU.Build.0 = Debug|Any CPU
		{E9A1EA66-8C5E-489E-B8AC-A702080F688B}.Release|Any CPU.ActiveCfg = Release|Any CPU
		{E9A1EA66-8C5E-489E-B8AC-A702080F688B}.Release|Any CPU.Build.0 = Release|Any CPU
		{CA476372-C4DC-4E99-B277-493C092CABDB}.Debug|Any CPU.ActiveCfg = Debug|Any CPU
		{CA476372-C4DC-4E99-B277-493C092CABDB}.Debug|Any CPU.Build.0 = Debug|Any CPU
		{CA476372-C4DC-4E99-B277-493C092CABDB}.Release|Any CPU.ActiveCfg = Release|Any CPU
		{CA476372-C4DC-4E99-B277-493C092CABDB}.Release|Any CPU.Build.0 = Release|Any CPU
		{D788EA2F-68AB-40C8-9B1D-78FD43B550D1}.Debug|Any CPU.ActiveCfg = Debug|Any CPU
		{D788EA2F-68AB-40C8-9B1D-78FD43B550D1}.Debug|Any CPU.Build.0 = Debug|Any CPU
		{D788EA2F-68AB-40C8-9B1D-78FD43B550D1}.Release|Any CPU.ActiveCfg = Release|Any CPU
		{D788EA2F-68AB-40C8-9B1D-78FD43B550D1}.Release|Any CPU.Build.0 = Release|Any CPU
		{FC19C5E8-0CE8-4314-9FC3-A3C272867AE9}.Debug|Any CPU.ActiveCfg = Debug|Any CPU
		{FC19C5E8-0CE8-4314-9FC3-A3C272867AE9}.Debug|Any CPU.Build.0 = Debug|Any CPU
		{FC19C5E8-0CE8-4314-9FC3-A3C272867AE9}.Release|Any CPU.ActiveCfg = Release|Any CPU
		{FC19C5E8-0CE8-4314-9FC3-A3C272867AE9}.Release|Any CPU.Build.0 = Release|Any CPU
		{F55841E8-A0CA-4452-8C5B-C08D355A5A98}.Debug|Any CPU.ActiveCfg = Debug|Any CPU
		{F55841E8-A0CA-4452-8C5B-C08D355A5A98}.Debug|Any CPU.Build.0 = Debug|Any CPU
		{F55841E8-A0CA-4452-8C5B-C08D355A5A98}.Release|Any CPU.ActiveCfg = Release|Any CPU
		{F55841E8-A0CA-4452-8C5B-C08D355A5A98}.Release|Any CPU.Build.0 = Release|Any CPU
		{6D24DEB6-7890-41C0-8E1D-31F91DDAAE61}.Debug|Any CPU.ActiveCfg = Debug|Any CPU
		{6D24DEB6-7890-41C0-8E1D-31F91DDAAE61}.Debug|Any CPU.Build.0 = Debug|Any CPU
		{6D24DEB6-7890-41C0-8E1D-31F91DDAAE61}.Release|Any CPU.ActiveCfg = Release|Any CPU
		{6D24DEB6-7890-41C0-8E1D-31F91DDAAE61}.Release|Any CPU.Build.0 = Release|Any CPU
		{D8CE7734-5475-4262-8D1D-B510F38CD415}.Debug|Any CPU.ActiveCfg = Debug|Any CPU
		{D8CE7734-5475-4262-8D1D-B510F38CD415}.Debug|Any CPU.Build.0 = Debug|Any CPU
		{D8CE7734-5475-4262-8D1D-B510F38CD415}.Release|Any CPU.ActiveCfg = Release|Any CPU
		{D8CE7734-5475-4262-8D1D-B510F38CD415}.Release|Any CPU.Build.0 = Release|Any CPU
		{DEBEE21F-A555-455A-92EA-FB9D2E3632E6}.Debug|Any CPU.ActiveCfg = Debug|Any CPU
		{DEBEE21F-A555-455A-92EA-FB9D2E3632E6}.Debug|Any CPU.Build.0 = Debug|Any CPU
		{DEBEE21F-A555-455A-92EA-FB9D2E3632E6}.Release|Any CPU.ActiveCfg = Release|Any CPU
		{DEBEE21F-A555-455A-92EA-FB9D2E3632E6}.Release|Any CPU.Build.0 = Release|Any CPU
		{A7CBD8E4-FCEF-4EF7-94D4-436A3986AAF2}.Debug|Any CPU.ActiveCfg = Debug|Any CPU
		{A7CBD8E4-FCEF-4EF7-94D4-436A3986AAF2}.Debug|Any CPU.Build.0 = Debug|Any CPU
		{A7CBD8E4-FCEF-4EF7-94D4-436A3986AAF2}.Release|Any CPU.ActiveCfg = Release|Any CPU
		{A7CBD8E4-FCEF-4EF7-94D4-436A3986AAF2}.Release|Any CPU.Build.0 = Release|Any CPU
		{A17F63B0-36BB-42C1-8B17-9CEAAE2BB441}.Debug|Any CPU.ActiveCfg = Debug|Any CPU
		{A17F63B0-36BB-42C1-8B17-9CEAAE2BB441}.Debug|Any CPU.Build.0 = Debug|Any CPU
		{A17F63B0-36BB-42C1-8B17-9CEAAE2BB441}.Release|Any CPU.ActiveCfg = Release|Any CPU
		{A17F63B0-36BB-42C1-8B17-9CEAAE2BB441}.Release|Any CPU.Build.0 = Release|Any CPU
		{2A344481-00CF-43D1-A855-21FA75613CDA}.Debug|Any CPU.ActiveCfg = Debug|Any CPU
		{2A344481-00CF-43D1-A855-21FA75613CDA}.Debug|Any CPU.Build.0 = Debug|Any CPU
		{2A344481-00CF-43D1-A855-21FA75613CDA}.Release|Any CPU.ActiveCfg = Release|Any CPU
		{2A344481-00CF-43D1-A855-21FA75613CDA}.Release|Any CPU.Build.0 = Release|Any CPU
		{505D236B-A155-4BF8-B23D-E3D7CDB8530A}.Debug|Any CPU.ActiveCfg = Debug|Any CPU
		{505D236B-A155-4BF8-B23D-E3D7CDB8530A}.Debug|Any CPU.Build.0 = Debug|Any CPU
		{505D236B-A155-4BF8-B23D-E3D7CDB8530A}.Release|Any CPU.ActiveCfg = Release|Any CPU
		{505D236B-A155-4BF8-B23D-E3D7CDB8530A}.Release|Any CPU.Build.0 = Release|Any CPU
		{7EAD0379-C899-4690-A338-2B34D6D60F77}.Debug|Any CPU.ActiveCfg = Debug|Any CPU
		{7EAD0379-C899-4690-A338-2B34D6D60F77}.Debug|Any CPU.Build.0 = Debug|Any CPU
		{7EAD0379-C899-4690-A338-2B34D6D60F77}.Release|Any CPU.ActiveCfg = Release|Any CPU
		{7EAD0379-C899-4690-A338-2B34D6D60F77}.Release|Any CPU.Build.0 = Release|Any CPU
	EndGlobalSection
	GlobalSection(SolutionProperties) = preSolution
		HideSolutionNode = FALSE
	EndGlobalSection
	GlobalSection(NestedProjects) = preSolution
		{993CD521-FCB6-4202-BAED-0D47093D8600} = {451AC12C-1F8B-453C-90AF-D26E2B2B6D5A}
		{326C229A-BB48-4796-A5C2-F44EEBB0EE1C} = {451AC12C-1F8B-453C-90AF-D26E2B2B6D5A}
		{0DB18B88-59CB-43AA-AC96-86C33EA2BFBB} = {A404A33C-ED83-4B4A-AD46-769EB438BA75}
		{736AE4AC-6885-4D1A-BDAC-2CCA8A72376B} = {A404A33C-ED83-4B4A-AD46-769EB438BA75}
		{18ED2796-92E0-487C-BB20-7B69E130707F} = {A404A33C-ED83-4B4A-AD46-769EB438BA75}
		{E9A1EA66-8C5E-489E-B8AC-A702080F688B} = {2AC8427D-ABD4-4855-98ED-9780DDC38FED}
		{CA476372-C4DC-4E99-B277-493C092CABDB} = {A404A33C-ED83-4B4A-AD46-769EB438BA75}
		{D788EA2F-68AB-40C8-9B1D-78FD43B550D1} = {451AC12C-1F8B-453C-90AF-D26E2B2B6D5A}
		{FC19C5E8-0CE8-4314-9FC3-A3C272867AE9} = {A404A33C-ED83-4B4A-AD46-769EB438BA75}
		{F55841E8-A0CA-4452-8C5B-C08D355A5A98} = {2D393F64-0953-4881-8A46-983C625F1838}
		{6D24DEB6-7890-41C0-8E1D-31F91DDAAE61} = {2D393F64-0953-4881-8A46-983C625F1838}
		{D8CE7734-5475-4262-8D1D-B510F38CD415} = {7FE03412-2AA7-495C-BDE5-6EC474F6FA60}
		{DEBEE21F-A555-455A-92EA-FB9D2E3632E6} = {7FE03412-2AA7-495C-BDE5-6EC474F6FA60}
		{A7CBD8E4-FCEF-4EF7-94D4-436A3986AAF2} = {90B3875E-7E56-45D1-9365-836958711BFF}
		{A17F63B0-36BB-42C1-8B17-9CEAAE2BB441} = {90B3875E-7E56-45D1-9365-836958711BFF}
		{2A344481-00CF-43D1-A855-21FA75613CDA} = {90B3875E-7E56-45D1-9365-836958711BFF}
		{505D236B-A155-4BF8-B23D-E3D7CDB8530A} = {D518B4EA-92D0-4A11-A895-3204BACB4FA7}
		{7EAD0379-C899-4690-A338-2B34D6D60F77} = {D518B4EA-92D0-4A11-A895-3204BACB4FA7}
	EndGlobalSection
	GlobalSection(ExtensibilityGlobals) = postSolution
		SolutionGuid = {5096F416-40FB-4F10-946A-7C3AC67C9B5A}
	EndGlobalSection
EndGlobal
